
Microsoft Visual Studio Solution File, Format Version 12.00
# Visual Studio 15
VisualStudioVersion = 15.0.27130.2024
MinimumVisualStudioVersion = 10.0.40219.1
Project("{9A19103F-16F7-4668-BE54-9A1E7A4F7556}") = "DDD.Domain", "DDD.Domain\DDD.Domain.csproj", "{56B2F088-5AD4-4A25-AF5F-D7BD7AF92E1A}"
EndProject
Project("{9A19103F-16F7-4668-BE54-9A1E7A4F7556}") = "DDD.DataAccess", "DDD.DataAccess\DDD.DataAccess.csproj", "{6664554F-818D-468E-AC1A-272F756D3520}"
EndProject
Project("{9A19103F-16F7-4668-BE54-9A1E7A4F7556}") = "DDD.Application", "DDD.Application\DDD.Application.csproj", "{7002A451-D022-479D-A76C-D8E1543C539E}"
EndProject
Project("{9A19103F-16F7-4668-BE54-9A1E7A4F7556}") = "DDD.Dtos", "DDD.Dtos\DDD.Dtos.csproj", "{885D8764-D74D-4B0E-AC7B-37F4E55CDFA3}"
EndProject
Project("{9A19103F-16F7-4668-BE54-9A1E7A4F7556}") = "DDD.WebApp", "DDD.WebApp\DDD.WebApp.csproj", "{31075E87-E353-49B5-82C8-D72F80171795}"
EndProject
Project("{2150E333-8FDC-42A3-9474-1A3956D46DE8}") = "Tests", "Tests", "{48B85DD9-359C-4868-A2D0-430168559A4B}"
EndProject
Project("{9A19103F-16F7-4668-BE54-9A1E7A4F7556}") = "DDD.Application.Tests", "DDD.Application.Tests\DDD.Application.Tests.csproj", "{C44AA62A-31DA-4D4E-BB7A-C6AB2CA7A31F}"
EndProject
Project("{9A19103F-16F7-4668-BE54-9A1E7A4F7556}") = "DDD.Domain.Tests", "DDD.Domain.Tests\DDD.Domain.Tests.csproj", "{AF4A8A2F-397E-4D63-9589-F51970A72BB4}"
EndProject
Project("{9A19103F-16F7-4668-BE54-9A1E7A4F7556}") = "DDD.WebApp.Tests", "DDD.WebApp.Tests\DDD.WebApp.Tests.csproj", "{A00254E3-765E-4B03-885A-DA4E3AF5302C}"
EndProject
Project("{FAE04EC0-301F-11D3-BF4B-00C04F79EFBC}") = "DDD.NunitTests", "DDD.NunitTests\DDD.NunitTests.csproj", "{AE2C4627-F550-4F96-9DA3-0E8A3E3A692B}"
EndProject
Global
	GlobalSection(SolutionConfigurationPlatforms) = preSolution
		Debug|Any CPU = Debug|Any CPU
		Release|Any CPU = Release|Any CPU
	EndGlobalSection
	GlobalSection(ProjectConfigurationPlatforms) = postSolution
		{56B2F088-5AD4-4A25-AF5F-D7BD7AF92E1A}.Debug|Any CPU.ActiveCfg = Debug|Any CPU
		{56B2F088-5AD4-4A25-AF5F-D7BD7AF92E1A}.Debug|Any CPU.Build.0 = Debug|Any CPU
		{56B2F088-5AD4-4A25-AF5F-D7BD7AF92E1A}.Release|Any CPU.ActiveCfg = Release|Any CPU
		{56B2F088-5AD4-4A25-AF5F-D7BD7AF92E1A}.Release|Any CPU.Build.0 = Release|Any CPU
		{6664554F-818D-468E-AC1A-272F756D3520}.Debug|Any CPU.ActiveCfg = Debug|Any CPU
		{6664554F-818D-468E-AC1A-272F756D3520}.Debug|Any CPU.Build.0 = Debug|Any CPU
		{6664554F-818D-468E-AC1A-272F756D3520}.Release|Any CPU.ActiveCfg = Release|Any CPU
		{6664554F-818D-468E-AC1A-272F756D3520}.Release|Any CPU.Build.0 = Release|Any CPU
		{7002A451-D022-479D-A76C-D8E1543C539E}.Debug|Any CPU.ActiveCfg = Debug|Any CPU
		{7002A451-D022-479D-A76C-D8E1543C539E}.Debug|Any CPU.Build.0 = Debug|Any CPU
		{7002A451-D022-479D-A76C-D8E1543C539E}.Release|Any CPU.ActiveCfg = Release|Any CPU
		{7002A451-D022-479D-A76C-D8E1543C539E}.Release|Any CPU.Build.0 = Release|Any CPU
		{885D8764-D74D-4B0E-AC7B-37F4E55CDFA3}.Debug|Any CPU.ActiveCfg = Debug|Any CPU
		{885D8764-D74D-4B0E-AC7B-37F4E55CDFA3}.Debug|Any CPU.Build.0 = Debug|Any CPU
		{885D8764-D74D-4B0E-AC7B-37F4E55CDFA3}.Release|Any CPU.ActiveCfg = Release|Any CPU
		{885D8764-D74D-4B0E-AC7B-37F4E55CDFA3}.Release|Any CPU.Build.0 = Release|Any CPU
		{31075E87-E353-49B5-82C8-D72F80171795}.Debug|Any CPU.ActiveCfg = Debug|Any CPU
		{31075E87-E353-49B5-82C8-D72F80171795}.Debug|Any CPU.Build.0 = Debug|Any CPU
		{31075E87-E353-49B5-82C8-D72F80171795}.Release|Any CPU.ActiveCfg = Release|Any CPU
		{31075E87-E353-49B5-82C8-D72F80171795}.Release|Any CPU.Build.0 = Release|Any CPU
		{C44AA62A-31DA-4D4E-BB7A-C6AB2CA7A31F}.Debug|Any CPU.ActiveCfg = Debug|Any CPU
		{C44AA62A-31DA-4D4E-BB7A-C6AB2CA7A31F}.Debug|Any CPU.Build.0 = Debug|Any CPU
		{C44AA62A-31DA-4D4E-BB7A-C6AB2CA7A31F}.Release|Any CPU.ActiveCfg = Release|Any CPU
		{C44AA62A-31DA-4D4E-BB7A-C6AB2CA7A31F}.Release|Any CPU.Build.0 = Release|Any CPU
		{AF4A8A2F-397E-4D63-9589-F51970A72BB4}.Debug|Any CPU.ActiveCfg = Debug|Any CPU
		{AF4A8A2F-397E-4D63-9589-F51970A72BB4}.Debug|Any CPU.Build.0 = Debug|Any CPU
		{AF4A8A2F-397E-4D63-9589-F51970A72BB4}.Release|Any CPU.ActiveCfg = Release|Any CPU
		{AF4A8A2F-397E-4D63-9589-F51970A72BB4}.Release|Any CPU.Build.0 = Release|Any CPU
		{A00254E3-765E-4B03-885A-DA4E3AF5302C}.Debug|Any CPU.ActiveCfg = Debug|Any CPU
		{A00254E3-765E-4B03-885A-DA4E3AF5302C}.Debug|Any CPU.Build.0 = Debug|Any CPU
		{A00254E3-765E-4B03-885A-DA4E3AF5302C}.Release|Any CPU.ActiveCfg = Release|Any CPU
		{A00254E3-765E-4B03-885A-DA4E3AF5302C}.Release|Any CPU.Build.0 = Release|Any CPU
		{AE2C4627-F550-4F96-9DA3-0E8A3E3A692B}.Debug|Any CPU.ActiveCfg = Debug|Any CPU
		{AE2C4627-F550-4F96-9DA3-0E8A3E3A692B}.Debug|Any CPU.Build.0 = Debug|Any CPU
		{AE2C4627-F550-4F96-9DA3-0E8A3E3A692B}.Release|Any CPU.ActiveCfg = Release|Any CPU
		{AE2C4627-F550-4F96-9DA3-0E8A3E3A692B}.Release|Any CPU.Build.0 = Release|Any CPU
	EndGlobalSection
	GlobalSection(SolutionProperties) = preSolution
		HideSolutionNode = FALSE
	EndGlobalSection
	GlobalSection(NestedProjects) = preSolution
		{C44AA62A-31DA-4D4E-BB7A-C6AB2CA7A31F} = {48B85DD9-359C-4868-A2D0-430168559A4B}
		{AF4A8A2F-397E-4D63-9589-F51970A72BB4} = {48B85DD9-359C-4868-A2D0-430168559A4B}
		{A00254E3-765E-4B03-885A-DA4E3AF5302C} = {48B85DD9-359C-4868-A2D0-430168559A4B}
		{AE2C4627-F550-4F96-9DA3-0E8A3E3A692B} = {48B85DD9-359C-4868-A2D0-430168559A4B}
	EndGlobalSection
	GlobalSection(ExtensibilityGlobals) = postSolution
		SolutionGuid = {C92DD713-98F9-4952-85E3-0EADBE875C72}
	EndGlobalSection
EndGlobal
